
Microsoft Visual Studio Solution File, Format Version 12.00
# Visual Studio Version 16
VisualStudioVersion = 16.0.30114.105
MinimumVisualStudioVersion = 10.0.40219.1
Project("{FAE04EC0-301F-11D3-BF4B-00C04F79EFBC}") = "API", "API\API.csproj", "{4EB0A85F-AD63-4E9A-BFAC-BEA6BDBDD982}"
EndProject
Project("{FAE04EC0-301F-11D3-BF4B-00C04F79EFBC}") = "Core", "Core\Core.csproj", "{2E9613B3-1973-46A4-9E95-6D594F4B96A7}"
EndProject
Project("{FAE04EC0-301F-11D3-BF4B-00C04F79EFBC}") = "Infrastructure", "Infrastructure\Infrastructure.csproj", "{7619A39D-09D1-4D6A-AF60-274B39F4F3AE}"
EndProject
Global
	GlobalSection(SolutionConfigurationPlatforms) = preSolution
		Debug|Any CPU = Debug|Any CPU
		Release|Any CPU = Release|Any CPU
	EndGlobalSection
	GlobalSection(SolutionProperties) = preSolution
		HideSolutionNode = FALSE
	EndGlobalSection
	GlobalSection(ProjectConfigurationPlatforms) = postSolution
		{4EB0A85F-AD63-4E9A-BFAC-BEA6BDBDD982}.Debug|Any CPU.ActiveCfg = Debug|Any CPU
		{4EB0A85F-AD63-4E9A-BFAC-BEA6BDBDD982}.Debug|Any CPU.Build.0 = Debug|Any CPU
		{4EB0A85F-AD63-4E9A-BFAC-BEA6BDBDD982}.Release|Any CPU.ActiveCfg = Release|Any CPU
		{4EB0A85F-AD63-4E9A-BFAC-BEA6BDBDD982}.Release|Any CPU.Build.0 = Release|Any CPU
		{2E9613B3-1973-46A4-9E95-6D594F4B96A7}.Debug|Any CPU.ActiveCfg = Debug|Any CPU
		{2E9613B3-1973-46A4-9E95-6D594F4B96A7}.Debug|Any CPU.Build.0 = Debug|Any CPU
		{2E9613B3-1973-46A4-9E95-6D594F4B96A7}.Release|Any CPU.ActiveCfg = Release|Any CPU
		{2E9613B3-1973-46A4-9E95-6D594F4B96A7}.Release|Any CPU.Build.0 = Release|Any CPU
		{7619A39D-09D1-4D6A-AF60-274B39F4F3AE}.Debug|Any CPU.ActiveCfg = Debug|Any CPU
		{7619A39D-09D1-4D6A-AF60-274B39F4F3AE}.Debug|Any CPU.Build.0 = Debug|Any CPU
		{7619A39D-09D1-4D6A-AF60-274B39F4F3AE}.Release|Any CPU.ActiveCfg = Release|Any CPU
		{7619A39D-09D1-4D6A-AF60-274B39F4F3AE}.Release|Any CPU.Build.0 = Release|Any CPU
	EndGlobalSection
EndGlobal
